// !$*UTF8*$!
{
	archiveVersion = 1;
	classes = {
	};
	objectVersion = 46;
	objects = {

/* Begin PBXBuildFile section */
		C70C0095168372100089E0C7 /* CLMultiValueSpecifierViewController.m in Sources */ = {isa = PBXBuildFile; fileRef = C70C0094168372100089E0C7 /* CLMultiValueSpecifierViewController.m */; };
		C70C00D11683934E0089E0C7 /* CLHTMLViewController.m in Sources */ = {isa = PBXBuildFile; fileRef = C70C00D01683934E0089E0C7 /* CLHTMLViewController.m */; };
		C70C00D4168393840089E0C7 /* about.html in Resources */ = {isa = PBXBuildFile; fileRef = C70C00D3168393840089E0C7 /* about.html */; };
		C745EEFE16831E26008BEC42 /* UIKit.framework in Frameworks */ = {isa = PBXBuildFile; fileRef = C745EEFD16831E26008BEC42 /* UIKit.framework */; };
		C745EF0016831E26008BEC42 /* Foundation.framework in Frameworks */ = {isa = PBXBuildFile; fileRef = C745EEFF16831E26008BEC42 /* Foundation.framework */; };
		C745EF0216831E26008BEC42 /* CoreGraphics.framework in Frameworks */ = {isa = PBXBuildFile; fileRef = C745EF0116831E26008BEC42 /* CoreGraphics.framework */; };
		C745EF0816831E26008BEC42 /* InfoPlist.strings in Resources */ = {isa = PBXBuildFile; fileRef = C745EF0616831E26008BEC42 /* InfoPlist.strings */; };
		C745EF0A16831E26008BEC42 /* main.m in Sources */ = {isa = PBXBuildFile; fileRef = C745EF0916831E26008BEC42 /* main.m */; };
		C745EF0E16831E26008BEC42 /* CLAppDelegate.m in Sources */ = {isa = PBXBuildFile; fileRef = C745EF0D16831E26008BEC42 /* CLAppDelegate.m */; };
		C745EF1016831E27008BEC42 /* Default.png in Resources */ = {isa = PBXBuildFile; fileRef = C745EF0F16831E27008BEC42 /* Default.png */; };
		C745EF1216831E27008BEC42 /* Default@2x.png in Resources */ = {isa = PBXBuildFile; fileRef = C745EF1116831E27008BEC42 /* Default@2x.png */; };
		C745EF1416831E27008BEC42 /* Default-568h@2x.png in Resources */ = {isa = PBXBuildFile; fileRef = C745EF1316831E27008BEC42 /* Default-568h@2x.png */; };
		C745EF1B16831E3F008BEC42 /* Settings.bundle in Resources */ = {isa = PBXBuildFile; fileRef = C745EF1A16831E3F008BEC42 /* Settings.bundle */; };
		C745EF1E16831E5D008BEC42 /* CLCustomSettingsViewController.m in Sources */ = {isa = PBXBuildFile; fileRef = C745EF1D16831E5D008BEC42 /* CLCustomSettingsViewController.m */; };
		C783FA891683FAEF0013B8CC /* CLSwitch.m in Sources */ = {isa = PBXBuildFile; fileRef = C783FA881683FAEF0013B8CC /* CLSwitch.m */; };
		C783FAA316840F870013B8CC /* logo.jpg in Resources */ = {isa = PBXBuildFile; fileRef = C783FAA216840F870013B8CC /* logo.jpg */; };
		C783FACE168420560013B8CC /* btn_bg@2x.png in Resources */ = {isa = PBXBuildFile; fileRef = C783FACC168420560013B8CC /* btn_bg@2x.png */; };
		C783FACF168420560013B8CC /* btn_bg_highlighted@2x.png in Resources */ = {isa = PBXBuildFile; fileRef = C783FACD168420560013B8CC /* btn_bg_highlighted@2x.png */; };
		C783FAEB168462510013B8CC /* CLButton.m in Sources */ = {isa = PBXBuildFile; fileRef = C783FAEA168462500013B8CC /* CLButton.m */; };
/* End PBXBuildFile section */

/* Begin PBXFileReference section */
		C70C0093168372100089E0C7 /* CLMultiValueSpecifierViewController.h */ = {isa = PBXFileReference; fileEncoding = 4; lastKnownFileType = sourcecode.c.h; path = CLMultiValueSpecifierViewController.h; sourceTree = "<group>"; };
		C70C0094168372100089E0C7 /* CLMultiValueSpecifierViewController.m */ = {isa = PBXFileReference; fileEncoding = 4; lastKnownFileType = sourcecode.c.objc; path = CLMultiValueSpecifierViewController.m; sourceTree = "<group>"; };
		C70C00CF1683934E0089E0C7 /* CLHTMLViewController.h */ = {isa = PBXFileReference; fileEncoding = 4; lastKnownFileType = sourcecode.c.h; path = CLHTMLViewController.h; sourceTree = "<group>"; };
		C70C00D01683934E0089E0C7 /* CLHTMLViewController.m */ = {isa = PBXFileReference; fileEncoding = 4; lastKnownFileType = sourcecode.c.objc; path = CLHTMLViewController.m; sourceTree = "<group>"; };
		C70C00D3168393840089E0C7 /* about.html */ = {isa = PBXFileReference; fileEncoding = 4; lastKnownFileType = text.html; path = about.html; sourceTree = "<group>"; };
		C745EEF916831E26008BEC42 /* CustomSettings.app */ = {isa = PBXFileReference; explicitFileType = wrapper.application; includeInIndex = 0; path = CustomSettings.app; sourceTree = BUILT_PRODUCTS_DIR; };
		C745EEFD16831E26008BEC42 /* UIKit.framework */ = {isa = PBXFileReference; lastKnownFileType = wrapper.framework; name = UIKit.framework; path = System/Library/Frameworks/UIKit.framework; sourceTree = SDKROOT; };
		C745EEFF16831E26008BEC42 /* Foundation.framework */ = {isa = PBXFileReference; lastKnownFileType = wrapper.framework; name = Foundation.framework; path = System/Library/Frameworks/Foundation.framework; sourceTree = SDKROOT; };
		C745EF0116831E26008BEC42 /* CoreGraphics.framework */ = {isa = PBXFileReference; lastKnownFileType = wrapper.framework; name = CoreGraphics.framework; path = System/Library/Frameworks/CoreGraphics.framework; sourceTree = SDKROOT; };
		C745EF0516831E26008BEC42 /* CustomSettings-Info.plist */ = {isa = PBXFileReference; lastKnownFileType = text.plist.xml; path = "CustomSettings-Info.plist"; sourceTree = "<group>"; };
		C745EF0716831E26008BEC42 /* en */ = {isa = PBXFileReference; lastKnownFileType = text.plist.strings; name = en; path = en.lproj/InfoPlist.strings; sourceTree = "<group>"; };
		C745EF0916831E26008BEC42 /* main.m */ = {isa = PBXFileReference; lastKnownFileType = sourcecode.c.objc; path = main.m; sourceTree = "<group>"; };
		C745EF0B16831E26008BEC42 /* CustomSettings-Prefix.pch */ = {isa = PBXFileReference; lastKnownFileType = sourcecode.c.h; path = "CustomSettings-Prefix.pch"; sourceTree = "<group>"; };
		C745EF0C16831E26008BEC42 /* CLAppDelegate.h */ = {isa = PBXFileReference; lastKnownFileType = sourcecode.c.h; path = CLAppDelegate.h; sourceTree = "<group>"; };
		C745EF0D16831E26008BEC42 /* CLAppDelegate.m */ = {isa = PBXFileReference; lastKnownFileType = sourcecode.c.objc; path = CLAppDelegate.m; sourceTree = "<group>"; };
		C745EF0F16831E27008BEC42 /* Default.png */ = {isa = PBXFileReference; lastKnownFileType = image.png; path = Default.png; sourceTree = "<group>"; };
		C745EF1116831E27008BEC42 /* Default@2x.png */ = {isa = PBXFileReference; lastKnownFileType = image.png; path = "Default@2x.png"; sourceTree = "<group>"; };
		C745EF1316831E27008BEC42 /* Default-568h@2x.png */ = {isa = PBXFileReference; lastKnownFileType = image.png; path = "Default-568h@2x.png"; sourceTree = "<group>"; };
		C745EF1A16831E3F008BEC42 /* Settings.bundle */ = {isa = PBXFileReference; lastKnownFileType = "wrapper.plug-in"; path = Settings.bundle; sourceTree = "<group>"; };
		C745EF1C16831E5D008BEC42 /* CLCustomSettingsViewController.h */ = {isa = PBXFileReference; fileEncoding = 4; lastKnownFileType = sourcecode.c.h; path = CLCustomSettingsViewController.h; sourceTree = "<group>"; };
		C745EF1D16831E5D008BEC42 /* CLCustomSettingsViewController.m */ = {isa = PBXFileReference; fileEncoding = 4; lastKnownFileType = sourcecode.c.objc; path = CLCustomSettingsViewController.m; sourceTree = "<group>"; };
		C783FA871683FAEF0013B8CC /* CLSwitch.h */ = {isa = PBXFileReference; fileEncoding = 4; lastKnownFileType = sourcecode.c.h; path = CLSwitch.h; sourceTree = "<group>"; };
		C783FA881683FAEF0013B8CC /* CLSwitch.m */ = {isa = PBXFileReference; fileEncoding = 4; lastKnownFileType = sourcecode.c.objc; path = CLSwitch.m; sourceTree = "<group>"; };
		C783FAA216840F870013B8CC /* logo.jpg */ = {isa = PBXFileReference; lastKnownFileType = image.jpeg; path = logo.jpg; sourceTree = "<group>"; };
		C783FACC168420560013B8CC /* btn_bg@2x.png */ = {isa = PBXFileReference; lastKnownFileType = image.png; path = "btn_bg@2x.png"; sourceTree = "<group>"; };
		C783FACD168420560013B8CC /* btn_bg_highlighted@2x.png */ = {isa = PBXFileReference; lastKnownFileType = image.png; path = "btn_bg_highlighted@2x.png"; sourceTree = "<group>"; };
		C783FAE9168462500013B8CC /* CLButton.h */ = {isa = PBXFileReference; fileEncoding = 4; lastKnownFileType = sourcecode.c.h; path = CLButton.h; sourceTree = "<group>"; };
		C783FAEA168462500013B8CC /* CLButton.m */ = {isa = PBXFileReference; fileEncoding = 4; lastKnownFileType = sourcecode.c.objc; path = CLButton.m; sourceTree = "<group>"; };
/* End PBXFileReference section */

/* Begin PBXFrameworksBuildPhase section */
		C745EEF616831E26008BEC42 /* Frameworks */ = {
			isa = PBXFrameworksBuildPhase;
			buildActionMask = 2147483647;
			files = (
				C745EEFE16831E26008BEC42 /* UIKit.framework in Frameworks */,
				C745EF0016831E26008BEC42 /* Foundation.framework in Frameworks */,
				C745EF0216831E26008BEC42 /* CoreGraphics.framework in Frameworks */,
			);
			runOnlyForDeploymentPostprocessing = 0;
		};
/* End PBXFrameworksBuildPhase section */

/* Begin PBXGroup section */
		C745EEEE16831E26008BEC42 = {
			isa = PBXGroup;
			children = (
				C745EF0316831E26008BEC42 /* CustomSettings */,
				C745EEFC16831E26008BEC42 /* Frameworks */,
				C745EEFA16831E26008BEC42 /* Products */,
			);
			sourceTree = "<group>";
		};
		C745EEFA16831E26008BEC42 /* Products */ = {
			isa = PBXGroup;
			children = (
				C745EEF916831E26008BEC42 /* CustomSettings.app */,
			);
			name = Products;
			sourceTree = "<group>";
		};
		C745EEFC16831E26008BEC42 /* Frameworks */ = {
			isa = PBXGroup;
			children = (
				C745EEFD16831E26008BEC42 /* UIKit.framework */,
				C745EEFF16831E26008BEC42 /* Foundation.framework */,
				C745EF0116831E26008BEC42 /* CoreGraphics.framework */,
			);
			name = Frameworks;
			sourceTree = "<group>";
		};
		C745EF0316831E26008BEC42 /* CustomSettings */ = {
			isa = PBXGroup;
			children = (
				C783FACB168420560013B8CC /* Images */,
				C745EF0C16831E26008BEC42 /* CLAppDelegate.h */,
				C745EF0D16831E26008BEC42 /* CLAppDelegate.m */,
				C745EF0416831E26008BEC42 /* Supporting Files */,
				C745EF1C16831E5D008BEC42 /* CLCustomSettingsViewController.h */,
				C745EF1D16831E5D008BEC42 /* CLCustomSettingsViewController.m */,
				C70C0093168372100089E0C7 /* CLMultiValueSpecifierViewController.h */,
				C70C0094168372100089E0C7 /* CLMultiValueSpecifierViewController.m */,
				C70C00CF1683934E0089E0C7 /* CLHTMLViewController.h */,
				C70C00D01683934E0089E0C7 /* CLHTMLViewController.m */,
				C783FA871683FAEF0013B8CC /* CLSwitch.h */,
				C783FA881683FAEF0013B8CC /* CLSwitch.m */,
				C783FAE9168462500013B8CC /* CLButton.h */,
				C783FAEA168462500013B8CC /* CLButton.m */,
			);
			path = CustomSettings;
			sourceTree = "<group>";
		};
		C745EF0416831E26008BEC42 /* Supporting Files */ = {
			isa = PBXGroup;
			children = (
				C783FAA216840F870013B8CC /* logo.jpg */,
				C745EF0516831E26008BEC42 /* CustomSettings-Info.plist */,
				C745EF0616831E26008BEC42 /* InfoPlist.strings */,
				C745EF0916831E26008BEC42 /* main.m */,
				C745EF0B16831E26008BEC42 /* CustomSettings-Prefix.pch */,
				C745EF0F16831E27008BEC42 /* Default.png */,
				C745EF1116831E27008BEC42 /* Default@2x.png */,
				C745EF1316831E27008BEC42 /* Default-568h@2x.png */,
				C745EF1A16831E3F008BEC42 /* Settings.bundle */,
				C70C00D3168393840089E0C7 /* about.html */,
			);
			name = "Supporting Files";
			sourceTree = "<group>";
		};
		C783FACB168420560013B8CC /* Images */ = {
			isa = PBXGroup;
			children = (
				C783FACC168420560013B8CC /* btn_bg@2x.png */,
				C783FACD168420560013B8CC /* btn_bg_highlighted@2x.png */,
			);
			path = Images;
			sourceTree = "<group>";
		};
/* End PBXGroup section */

/* Begin PBXNativeTarget section */
		C745EEF816831E26008BEC42 /* CustomSettings */ = {
			isa = PBXNativeTarget;
			buildConfigurationList = C745EF1716831E27008BEC42 /* Build configuration list for PBXNativeTarget "CustomSettings" */;
			buildPhases = (
				C745EEF516831E26008BEC42 /* Sources */,
				C745EEF616831E26008BEC42 /* Frameworks */,
				C745EEF716831E26008BEC42 /* Resources */,
			);
			buildRules = (
			);
			dependencies = (
			);
			name = CustomSettings;
			productName = CustomSettings;
			productReference = C745EEF916831E26008BEC42 /* CustomSettings.app */;
			productType = "com.apple.product-type.application";
		};
/* End PBXNativeTarget section */

/* Begin PBXProject section */
		C745EEF016831E26008BEC42 /* Project object */ = {
			isa = PBXProject;
			attributes = {
				CLASSPREFIX = CL;
				LastUpgradeCheck = 0450;
				ORGANIZATIONNAME = "Darcy Liu";
			};
			buildConfigurationList = C745EEF316831E26008BEC42 /* Build configuration list for PBXProject "CustomSettings" */;
			compatibilityVersion = "Xcode 3.2";
			developmentRegion = English;
			hasScannedForEncodings = 0;
			knownRegions = (
				en,
			);
			mainGroup = C745EEEE16831E26008BEC42;
			productRefGroup = C745EEFA16831E26008BEC42 /* Products */;
			projectDirPath = "";
			projectRoot = "";
			targets = (
				C745EEF816831E26008BEC42 /* CustomSettings */,
			);
		};
/* End PBXProject section */

/* Begin PBXResourcesBuildPhase section */
		C745EEF716831E26008BEC42 /* Resources */ = {
			isa = PBXResourcesBuildPhase;
			buildActionMask = 2147483647;
			files = (
				C745EF0816831E26008BEC42 /* InfoPlist.strings in Resources */,
				C745EF1016831E27008BEC42 /* Default.png in Resources */,
				C745EF1216831E27008BEC42 /* Default@2x.png in Resources */,
				C745EF1416831E27008BEC42 /* Default-568h@2x.png in Resources */,
				C745EF1B16831E3F008BEC42 /* Settings.bundle in Resources */,
				C70C00D4168393840089E0C7 /* about.html in Resources */,
				C783FAA316840F870013B8CC /* logo.jpg in Resources */,
				C783FACE168420560013B8CC /* btn_bg@2x.png in Resources */,
				C783FACF168420560013B8CC /* btn_bg_highlighted@2x.png in Resources */,
			);
			runOnlyForDeploymentPostprocessing = 0;
		};
/* End PBXResourcesBuildPhase section */

/* Begin PBXSourcesBuildPhase section */
		C745EEF516831E26008BEC42 /* Sources */ = {
			isa = PBXSourcesBuildPhase;
			buildActionMask = 2147483647;
			files = (
				C745EF0A16831E26008BEC42 /* main.m in Sources */,
				C745EF0E16831E26008BEC42 /* CLAppDelegate.m in Sources */,
				C745EF1E16831E5D008BEC42 /* CLCustomSettingsViewController.m in Sources */,
				C70C0095168372100089E0C7 /* CLMultiValueSpecifierViewController.m in Sources */,
				C70C00D11683934E0089E0C7 /* CLHTMLViewController.m in Sources */,
				C783FA891683FAEF0013B8CC /* CLSwitch.m in Sources */,
				C783FAEB168462510013B8CC /* CLButton.m in Sources */,
			);
			runOnlyForDeploymentPostprocessing = 0;
		};
/* End PBXSourcesBuildPhase section */

/* Begin PBXVariantGroup section */
		C745EF0616831E26008BEC42 /* InfoPlist.strings */ = {
			isa = PBXVariantGroup;
			children = (
				C745EF0716831E26008BEC42 /* en */,
			);
			name = InfoPlist.strings;
			sourceTree = "<group>";
		};
/* End PBXVariantGroup section */

/* Begin XCBuildConfiguration section */
		C745EF1516831E27008BEC42 /* Debug */ = {
			isa = XCBuildConfiguration;
			buildSettings = {
				ALWAYS_SEARCH_USER_PATHS = NO;
				CLANG_CXX_LANGUAGE_STANDARD = "gnu++0x";
				CLANG_CXX_LIBRARY = "libc++";
				CLANG_WARN_EMPTY_BODY = YES;
				CLANG_WARN__DUPLICATE_METHOD_MATCH = YES;
				"CODE_SIGN_IDENTITY[sdk=iphoneos*]" = "iPhone Developer";
				COPY_PHASE_STRIP = NO;
				GCC_C_LANGUAGE_STANDARD = gnu99;
				GCC_DYNAMIC_NO_PIC = NO;
				GCC_OPTIMIZATION_LEVEL = 0;
				GCC_PREPROCESSOR_DEFINITIONS = (
					"DEBUG=1",
					"$(inherited)",
				);
				GCC_SYMBOLS_PRIVATE_EXTERN = NO;
				GCC_WARN_ABOUT_RETURN_TYPE = YES;
				GCC_WARN_UNINITIALIZED_AUTOS = YES;
				GCC_WARN_UNUSED_VARIABLE = YES;
				IPHONEOS_DEPLOYMENT_TARGET = 6.0;
				ONLY_ACTIVE_ARCH = YES;
				SDKROOT = iphoneos;
			};
			name = Debug;
		};
		C745EF1616831E27008BEC42 /* Release */ = {
			isa = XCBuildConfiguration;
			buildSettings = {
				ALWAYS_SEARCH_USER_PATHS = NO;
				CLANG_CXX_LANGUAGE_STANDARD = "gnu++0x";
				CLANG_CXX_LIBRARY = "libc++";
				CLANG_WARN_EMPTY_BODY = YES;
				CLANG_WARN__DUPLICATE_METHOD_MATCH = YES;
				"CODE_SIGN_IDENTITY[sdk=iphoneos*]" = "iPhone Developer";
				COPY_PHASE_STRIP = YES;
				GCC_C_LANGUAGE_STANDARD = gnu99;
				GCC_WARN_ABOUT_RETURN_TYPE = YES;
				GCC_WARN_UNINITIALIZED_AUTOS = YES;
				GCC_WARN_UNUSED_VARIABLE = YES;
				IPHONEOS_DEPLOYMENT_TARGET = 6.0;
				OTHER_CFLAGS = "-DNS_BLOCK_ASSERTIONS=1";
				SDKROOT = iphoneos;
				VALIDATE_PRODUCT = YES;
			};
			name = Release;
		};
		C745EF1816831E27008BEC42 /* Debug */ = {
			isa = XCBuildConfiguration;
			buildSettings = {
				GCC_PRECOMPILE_PREFIX_HEADER = YES;
				GCC_PREFIX_HEADER = "CustomSettings/CustomSettings-Prefix.pch";
				INFOPLIST_FILE = "CustomSettings/CustomSettings-Info.plist";
				IPHONEOS_DEPLOYMENT_TARGET = 4.3;
				PRODUCT_NAME = "$(TARGET_NAME)";
				WRAPPER_EXTENSION = app;
			};
			name = Debug;
		};
		C745EF1916831E27008BEC42 /* Release */ = {
			isa = XCBuildConfiguration;
			buildSettings = {
				GCC_PRECOMPILE_PREFIX_HEADER = YES;
				GCC_PREFIX_HEADER = "CustomSettings/CustomSettings-Prefix.pch";
				INFOPLIST_FILE = "CustomSettings/CustomSettings-Info.plist";
				IPHONEOS_DEPLOYMENT_TARGET = 4.3;
				PRODUCT_NAME = "$(TARGET_NAME)";
				WRAPPER_EXTENSION = app;
			};
			name = Release;
		};
/* End XCBuildConfiguration section */

/* Begin XCConfigurationList section */
		C745EEF316831E26008BEC42 /* Build configuration list for PBXProject "CustomSettings" */ = {
			isa = XCConfigurationList;
			buildConfigurations = (
				C745EF1516831E27008BEC42 /* Debug */,
				C745EF1616831E27008BEC42 /* Release */,
			);
			defaultConfigurationIsVisible = 0;
			defaultConfigurationName = Release;
		};
		C745EF1716831E27008BEC42 /* Build configuration list for PBXNativeTarget "CustomSettings" */ = {
			isa = XCConfigurationList;
			buildConfigurations = (
				C745EF1816831E27008BEC42 /* Debug */,
				C745EF1916831E27008BEC42 /* Release */,
			);
			defaultConfigurationIsVisible = 0;
			defaultConfigurationName = Release;
		};
/* End XCConfigurationList section */
	};
	rootObject = C745EEF016831E26008BEC42 /* Project object */;
}
